{
  "requires": true,
  "lockfileVersion": 1,
  "dependencies": {
    "@entur/sdk": {
      "version": "0.6.0",
      "resolved": "https://registry.npmjs.org/@entur/sdk/-/sdk-0.6.0.tgz",
      "integrity": "sha512-y5rU7yEU7PQmxesTi0dRDdZ5vaB7a5cGmm/8Ie9PrYqcA06sOS5woGzS1SQ4/hlQqpGxm/ZcewGeiujbqlDb1Q==",
      "requires": {
        "@turf/bbox": "^6.0.1",
        "@turf/destination": "^6.0.1",
        "clean-deep": "^3.0.2",
        "node-fetch": "^2.2.0",
        "query-params": "0.0.1",
        "turf-linestring": "^1.0.2",
        "turf-point": "^2.0.1"
      }
    },
    "@turf/bbox": {
      "version": "6.0.1",
      "resolved": "https://registry.npmjs.org/@turf/bbox/-/bbox-6.0.1.tgz",
      "integrity": "sha512-EGgaRLettBG25Iyx7VyUINsPpVj1x3nFQFiGS3ER8KCI1MximzNLsam3eXRabqQDjyAKyAE1bJ4EZEpGvspQxw==",
      "requires": {
        "@turf/helpers": "6.x",
        "@turf/meta": "6.x"
      }
    },
    "@turf/destination": {
      "version": "6.0.1",
      "resolved": "https://registry.npmjs.org/@turf/destination/-/destination-6.0.1.tgz",
      "integrity": "sha512-MroK4nRdp7as174miCAugp8Uvorhe6rZ7MJiC9Hb4+hZR7gNFJyVKmkdDDXIoCYs6MJQsx0buI+gsCpKwgww0Q==",
      "requires": {
        "@turf/helpers": "6.x",
        "@turf/invariant": "6.x"
      }
    },
    "@turf/helpers": {
      "version": "6.1.4",
      "resolved": "https://registry.npmjs.org/@turf/helpers/-/helpers-6.1.4.tgz",
      "integrity": "sha512-vJvrdOZy1ngC7r3MDA7zIGSoIgyrkWcGnNIEaqn/APmw+bVLF2gAW7HIsdTxd12s5wQMqEpqIQrmrbRRZ0xC7g=="
    },
    "@turf/invariant": {
      "version": "6.1.2",
      "resolved": "https://registry.npmjs.org/@turf/invariant/-/invariant-6.1.2.tgz",
      "integrity": "sha512-WU08Ph8j0J2jVGlQCKChXoCtI50BB3yEH21V++V0T4cR1T27HKCxkehV2sYMwTierfMBgjwSwDIsxnR4/2mWXg==",
      "requires": {
        "@turf/helpers": "6.x"
      }
    },
    "@turf/meta": {
      "version": "6.0.2",
      "resolved": "https://registry.npmjs.org/@turf/meta/-/meta-6.0.2.tgz",
      "integrity": "sha512-VA7HJkx7qF1l3+GNGkDVn2oXy4+QoLP6LktXAaZKjuT1JI0YESat7quUkbCMy4zP9lAUuvS4YMslLyTtr919FA==",
      "requires": {
        "@turf/helpers": "6.x"
      }
    },
    "clean-deep": {
      "version": "3.0.2",
      "resolved": "https://registry.npmjs.org/clean-deep/-/clean-deep-3.0.2.tgz",
      "integrity": "sha512-sLUtFxYtHc3jM9pmwyYXOLln0nnQ1OhFrefQ7nqUlva1crHDbi4gVO+nnMSm5jztFXIRDMt+kMNh0mOscbARow==",
      "requires": {
        "lodash.isempty": "^4.4.0",
        "lodash.isplainobject": "^4.0.6",
        "lodash.transform": "^4.6.0"
      }
    },
    "lodash.isempty": {
      "version": "4.4.0",
      "resolved": "https://registry.npmjs.org/lodash.isempty/-/lodash.isempty-4.4.0.tgz",
      "integrity": "sha1-b4bL7di+TsmHvpqvM8loTbGzHn4="
    },
    "lodash.isplainobject": {
      "version": "4.0.6",
      "resolved": "https://registry.npmjs.org/lodash.isplainobject/-/lodash.isplainobject-4.0.6.tgz",
      "integrity": "sha1-fFJqUtibRcRcxpC4gWO+BJf1UMs="
    },
    "lodash.transform": {
      "version": "4.6.0",
      "resolved": "https://registry.npmjs.org/lodash.transform/-/lodash.transform-4.6.0.tgz",
      "integrity": "sha1-EjBkIvYzJK7YSD0/ODMrX2cFR6A="
    },
    "minimist": {
      "version": "1.2.0",
      "resolved": "https://registry.npmjs.org/minimist/-/minimist-1.2.0.tgz",
      "integrity": "sha1-o1AIsg9BOD7sH7kU9M1d95omQoQ="
    },
    "node-fetch": {
      "version": "2.2.0",
      "resolved": "https://registry.npmjs.org/node-fetch/-/node-fetch-2.2.0.tgz",
      "integrity": "sha512-OayFWziIxiHY8bCUyLX6sTpDH8Jsbp4FfYd1j1f7vZyfgkcOnAyM4oQR16f8a0s7Gl/viMGRey8eScYk4V4EZA=="
    },
    "query-params": {
      "version": "0.0.1",
      "resolved": "https://registry.npmjs.org/query-params/-/query-params-0.0.1.tgz",
      "integrity": "sha1-CvBO69Y7JmsOCXHRBODcTOVYxgQ="
    },
    "turf-linestring": {
      "version": "1.0.2",
      "resolved": "https://registry.npmjs.org/turf-linestring/-/turf-linestring-1.0.2.tgz",
      "integrity": "sha1-YEpjp8VMk0arnznyc7u37OBaMJY="
    },
    "turf-point": {
      "version": "2.0.1",
      "resolved": "https://registry.npmjs.org/turf-point/-/turf-point-2.0.1.tgz",
      "integrity": "sha1-otzDCi0g9Ez1xicd97riwOIUYGk=",
      "requires": {
        "minimist": "^1.1.0"
      }
    }
  }
}
